// !$*UTF8*$!
{
	archiveVersion = 1;
	classes = {
	};
	objectVersion = 46;
	objects = {

/* Begin PBXFileReference section */
		EC6CF97A1DA61F3D00D990B4 /* Base.ino */ = {isa = PBXFileReference; lastKnownFileType = text; path = Base.ino; sourceTree = "<group>"; };
		EC6CF97B1DA61F3D00D990B4 /* Constants.h */ = {isa = PBXFileReference; lastKnownFileType = sourcecode.c.h; path = Constants.h; sourceTree = "<group>"; };
		EC6CF97D1DA61F3D00D990B4 /* DigitalInput.h */ = {isa = PBXFileReference; lastKnownFileType = sourcecode.c.h; path = DigitalInput.h; sourceTree = "<group>"; };
		EC6CF97F1DA61F3D00D990B4 /* Node_001.h */ = {isa = PBXFileReference; lastKnownFileType = sourcecode.c.h; path = Node_001.h; sourceTree = "<group>"; };
		EC6CF9811DA61F3D00D990B4 /* Node_Base.h */ = {isa = PBXFileReference; lastKnownFileType = sourcecode.c.h; path = Node_Base.h; sourceTree = "<group>"; };
		EC6CF9821DA61F3D00D990B4 /* TimeElement.h */ = {isa = PBXFileReference; lastKnownFileType = sourcecode.c.h; path = TimeElement.h; sourceTree = "<group>"; };
		EC6CF9841DA61F3D00D990B4 /* TimeServer.h */ = {isa = PBXFileReference; lastKnownFileType = sourcecode.c.h; path = TimeServer.h; sourceTree = "<group>"; };
		EC6CF9851DA61F3D00D990B4 /* WLAN_CONF.cpp */ = {isa = PBXFileReference; lastKnownFileType = sourcecode.cpp.cpp; path = WLAN_CONF.cpp; sourceTree = "<group>"; };
		EC6CF9861DA61F3D00D990B4 /* WLAN_CONF.h */ = {isa = PBXFileReference; lastKnownFileType = sourcecode.c.h; path = WLAN_CONF.h; sourceTree = "<group>"; };
/* End PBXFileReference section */

/* Begin PBXGroup section */
		EC6CF9711DA61F1C00D990B4 = {
			isa = PBXGroup;
			children = (
				EC6CF9781DA61F3D00D990B4 /* Node */,
			);
			sourceTree = "<group>";
		};
		EC6CF9781DA61F3D00D990B4 /* Node */ = {
			isa = PBXGroup;
			children = (
				EC6CF9791DA61F3D00D990B4 /* Base */,
			);
			name = Node;
			path = ../Node;
			sourceTree = "<group>";
		};
		EC6CF9791DA61F3D00D990B4 /* Base */ = {
			isa = PBXGroup;
			children = (
				EC6CF97A1DA61F3D00D990B4 /* Base.ino */,
				EC6CF97B1DA61F3D00D990B4 /* Constants.h */,
				EC6CF97D1DA61F3D00D990B4 /* DigitalInput.h */,
				EC6CF97F1DA61F3D00D990B4 /* Node_001.h */,
				EC6CF9811DA61F3D00D990B4 /* Node_Base.h */,
				EC6CF9821DA61F3D00D990B4 /* TimeElement.h */,
				EC6CF9841DA61F3D00D990B4 /* TimeServer.h */,
				EC6CF9851DA61F3D00D990B4 /* WLAN_CONF.cpp */,
				EC6CF9861DA61F3D00D990B4 /* WLAN_CONF.h */,
			);
			path = Base;
			sourceTree = "<group>";
		};
/* End PBXGroup section */

/* Begin PBXProject section */
		EC6CF9721DA61F1C00D990B4 /* Project object */ = {
			isa = PBXProject;
			attributes = {
				LastUpgradeCheck = 0800;
			};
			buildConfigurationList = EC6CF9751DA61F1C00D990B4 /* Build configuration list for PBXProject "SH_NODES" */;
			compatibilityVersion = "Xcode 3.2";
			developmentRegion = English;
			hasScannedForEncodings = 0;
			knownRegions = (
				en,
			);
			mainGroup = EC6CF9711DA61F1C00D990B4;
			projectDirPath = "";
			projectRoot = "";
			targets = (
			);
		};
/* End PBXProject section */

/* Begin XCBuildConfiguration section */
		EC6CF9761DA61F1C00D990B4 /* Debug */ = {
			isa = XCBuildConfiguration;
			buildSettings = {
			};
			name = Debug;
		};
		EC6CF9771DA61F1C00D990B4 /* Release */ = {
			isa = XCBuildConfiguration;
			buildSettings = {
			};
			name = Release;
		};
/* End XCBuildConfiguration section */

/* Begin XCConfigurationList section */
		EC6CF9751DA61F1C00D990B4 /* Build configuration list for PBXProject "SH_NODES" */ = {
			isa = XCConfigurationList;
			buildConfigurations = (
				EC6CF9761DA61F1C00D990B4 /* Debug */,
				EC6CF9771DA61F1C00D990B4 /* Release */,
			);
			defaultConfigurationIsVisible = 0;
			defaultConfigurationName = Release;
		};
/* End XCConfigurationList section */
	};
	rootObject = EC6CF9721DA61F1C00D990B4 /* Project object */;
}
